
Microsoft Visual Studio Solution File, Format Version 12.00
# Visual Studio Version 16
VisualStudioVersion = 16.0.30711.63
MinimumVisualStudioVersion = 10.0.40219.1
Project("{9A19103F-16F7-4668-BE54-9A1E7A4F7556}") = "Cantact.NET", "Cantact\Cantact.NET.csproj", "{6B89D455-461C-4131-96CA-98CA2A15C0B9}"
EndProject
Project("{9A19103F-16F7-4668-BE54-9A1E7A4F7556}") = "CantactTest", "CantactTest\CantactTest.csproj", "{1F2F1180-C24A-4396-BFF9-DC0B544980F2}"
EndProject
Global
	GlobalSection(SolutionConfigurationPlatforms) = preSolution
		Debug|Any CPU = Debug|Any CPU
		Release|Any CPU = Release|Any CPU
	EndGlobalSection
	GlobalSection(ProjectConfigurationPlatforms) = postSolution
		{6B89D455-461C-4131-96CA-98CA2A15C0B9}.Debug|Any CPU.ActiveCfg = Debug|Any CPU
		{6B89D455-461C-4131-96CA-98CA2A15C0B9}.Debug|Any CPU.Build.0 = Debug|Any CPU
		{6B89D455-461C-4131-96CA-98CA2A15C0B9}.Release|Any CPU.ActiveCfg = Release|Any CPU
		{6B89D455-461C-4131-96CA-98CA2A15C0B9}.Release|Any CPU.Build.0 = Release|Any CPU
		{1F2F1180-C24A-4396-BFF9-DC0B544980F2}.Debug|Any CPU.ActiveCfg = Debug|Any CPU
		{1F2F1180-C24A-4396-BFF9-DC0B544980F2}.Debug|Any CPU.Build.0 = Debug|Any CPU
		{1F2F1180-C24A-4396-BFF9-DC0B544980F2}.Release|Any CPU.ActiveCfg = Release|Any CPU
		{1F2F1180-C24A-4396-BFF9-DC0B544980F2}.Release|Any CPU.Build.0 = Release|Any CPU
	EndGlobalSection
	GlobalSection(SolutionProperties) = preSolution
		HideSolutionNode = FALSE
	EndGlobalSection
	GlobalSection(ExtensibilityGlobals) = postSolution
		SolutionGuid = {03E2C5AB-5543-451D-A429-70FDC8C5AE98}
	EndGlobalSection
EndGlobal
